
Microsoft Visual Studio Solution File, Format Version 12.00
# Visual Studio Version 17
VisualStudioVersion = 17.11.35327.3
MinimumVisualStudioVersion = 10.0.40219.1
Project("{FAE04EC0-301F-11D3-BF4B-00C04F79EFBC}") = "new_proj", "new_proj\new_proj.csproj", "{5B544337-E5A1-48B1-9FBC-4353AFD94D3F}"
EndProject
Global
	GlobalSection(SolutionConfigurationPlatforms) = preSolution
		Debug|Any CPU = Debug|Any CPU
		Release|Any CPU = Release|Any CPU
	EndGlobalSection
	GlobalSection(ProjectConfigurationPlatforms) = postSolution
		{5B544337-E5A1-48B1-9FBC-4353AFD94D3F}.Debug|Any CPU.ActiveCfg = Debug|Any CPU
		{5B544337-E5A1-48B1-9FBC-4353AFD94D3F}.Debug|Any CPU.Build.0 = Debug|Any CPU
		{5B544337-E5A1-48B1-9FBC-4353AFD94D3F}.Release|Any CPU.ActiveCfg = Release|Any CPU
		{5B544337-E5A1-48B1-9FBC-4353AFD94D3F}.Release|Any CPU.Build.0 = Release|Any CPU
	EndGlobalSection
	GlobalSection(SolutionProperties) = preSolution
		HideSolutionNode = FALSE
	EndGlobalSection
	GlobalSection(ExtensibilityGlobals) = postSolution
		SolutionGuid = {F5AA0D73-81E5-4023-8DDF-6AEC48B610A0}
	EndGlobalSection
EndGlobal
